
Microsoft Visual Studio Solution File, Format Version 12.00
# Visual Studio Version 16
VisualStudioVersion = 16.0.28803.452
MinimumVisualStudioVersion = 10.0.40219.1
Project("{FAE04EC0-301F-11D3-BF4B-00C04F79EFBC}") = "Tp8", "Tp8\Tp8.csproj", "{239E50DB-0388-48CA-95FE-32A0C7430DFC}"
EndProject
Global
	GlobalSection(SolutionConfigurationPlatforms) = preSolution
		Debug|Any CPU = Debug|Any CPU
		Release|Any CPU = Release|Any CPU
	EndGlobalSection
	GlobalSection(ProjectConfigurationPlatforms) = postSolution
		{239E50DB-0388-48CA-95FE-32A0C7430DFC}.Debug|Any CPU.ActiveCfg = Debug|Any CPU
		{239E50DB-0388-48CA-95FE-32A0C7430DFC}.Debug|Any CPU.Build.0 = Debug|Any CPU
		{239E50DB-0388-48CA-95FE-32A0C7430DFC}.Release|Any CPU.ActiveCfg = Release|Any CPU
		{239E50DB-0388-48CA-95FE-32A0C7430DFC}.Release|Any CPU.Build.0 = Release|Any CPU
	EndGlobalSection
	GlobalSection(SolutionProperties) = preSolution
		HideSolutionNode = FALSE
	EndGlobalSection
	GlobalSection(ExtensibilityGlobals) = postSolution
		SolutionGuid = {0ACCDD74-EC01-4B2E-AB07-7EA6D7980B81}
	EndGlobalSection
EndGlobal
